// !$*UTF8*$!
{
	archiveVersion = 1;
	classes = {
	};
	objectVersion = 48;
	objects = {

/* Begin PBXBuildFile section */
		AB1D012A209E34D000B2E5F1 /* LexiconModel.xcdatamodeld in Sources */ = {isa = PBXBuildFile; fileRef = AB1D0128209E34D000B2E5F1 /* LexiconModel.xcdatamodeld */; };
		AB269674209600DA0029ADED /* LEXIN.xml in Resources */ = {isa = PBXBuildFile; fileRef = AB269673209600D90029ADED /* LEXIN.xml */; };
		AB80C0F8209F2E59002E4712 /* Parser.swift in Sources */ = {isa = PBXBuildFile; fileRef = AB80C0F7209F2E59002E4712 /* Parser.swift */; };
		AB8E94E820A0DA8A00744D3D /* DetailViewController.swift in Sources */ = {isa = PBXBuildFile; fileRef = AB8E94E720A0DA8A00744D3D /* DetailViewController.swift */; };
		ABB5186C20989A16002775ED /* LogInViewController.swift in Sources */ = {isa = PBXBuildFile; fileRef = ABB5186B20989A16002775ED /* LogInViewController.swift */; };
		ABC5E858208504E10031ACD3 /* AppDelegate.swift in Sources */ = {isa = PBXBuildFile; fileRef = ABC5E857208504E10031ACD3 /* AppDelegate.swift */; };
		ABC5E85A208504E20031ACD3 /* ViewController.swift in Sources */ = {isa = PBXBuildFile; fileRef = ABC5E859208504E20031ACD3 /* ViewController.swift */; };
		ABC5E85D208504E20031ACD3 /* Main.storyboard in Resources */ = {isa = PBXBuildFile; fileRef = ABC5E85B208504E20031ACD3 /* Main.storyboard */; };
		ABC5E85F208504E20031ACD3 /* Assets.xcassets in Resources */ = {isa = PBXBuildFile; fileRef = ABC5E85E208504E20031ACD3 /* Assets.xcassets */; };
		ABC5E862208504E20031ACD3 /* LaunchScreen.storyboard in Resources */ = {isa = PBXBuildFile; fileRef = ABC5E860208504E20031ACD3 /* LaunchScreen.storyboard */; };
		ABD561632097B46300BEF272 /* GoogleService-Info.plist in Resources */ = {isa = PBXBuildFile; fileRef = ABD561622097B46300BEF272 /* GoogleService-Info.plist */; };
		ABD9AF022096807E0016992C /* SignUpViewController.swift in Sources */ = {isa = PBXBuildFile; fileRef = ABD9AF012096807E0016992C /* SignUpViewController.swift */; };
		C681EE427082CDA2AA21A70D /* Pods_Lexicon.framework in Frameworks */ = {isa = PBXBuildFile; fileRef = 844F79DCEB5B0F983F15974F /* Pods_Lexicon.framework */; };
/* End PBXBuildFile section */

/* Begin PBXFileReference section */
		534A54E70027D7A0C91E82C7 /* Pods-Lexicon.debug.xcconfig */ = {isa = PBXFileReference; includeInIndex = 1; lastKnownFileType = text.xcconfig; name = "Pods-Lexicon.debug.xcconfig"; path = "Pods/Target Support Files/Pods-Lexicon/Pods-Lexicon.debug.xcconfig"; sourceTree = "<group>"; };
		844F79DCEB5B0F983F15974F /* Pods_Lexicon.framework */ = {isa = PBXFileReference; explicitFileType = wrapper.framework; includeInIndex = 0; path = Pods_Lexicon.framework; sourceTree = BUILT_PRODUCTS_DIR; };
		99C4BDED4F0DEF196CD2A5C1 /* Pods-Lexicon.release.xcconfig */ = {isa = PBXFileReference; includeInIndex = 1; lastKnownFileType = text.xcconfig; name = "Pods-Lexicon.release.xcconfig"; path = "Pods/Target Support Files/Pods-Lexicon/Pods-Lexicon.release.xcconfig"; sourceTree = "<group>"; };
		AB1D0129209E34D000B2E5F1 /* LexiconModel.xcdatamodel */ = {isa = PBXFileReference; lastKnownFileType = wrapper.xcdatamodel; path = LexiconModel.xcdatamodel; sourceTree = "<group>"; };
		AB269673209600D90029ADED /* LEXIN.xml */ = {isa = PBXFileReference; fileEncoding = 4; lastKnownFileType = text.xml; path = LEXIN.xml; sourceTree = "<group>"; };
		AB80C0F7209F2E59002E4712 /* Parser.swift */ = {isa = PBXFileReference; lastKnownFileType = sourcecode.swift; path = Parser.swift; sourceTree = "<group>"; };
		AB8E94E720A0DA8A00744D3D /* DetailViewController.swift */ = {isa = PBXFileReference; lastKnownFileType = sourcecode.swift; path = DetailViewController.swift; sourceTree = "<group>"; };
		ABB5186B20989A16002775ED /* LogInViewController.swift */ = {isa = PBXFileReference; lastKnownFileType = sourcecode.swift; path = LogInViewController.swift; sourceTree = "<group>"; };
		ABC5E854208504E10031ACD3 /* Lexicon.app */ = {isa = PBXFileReference; explicitFileType = wrapper.application; includeInIndex = 0; path = Lexicon.app; sourceTree = BUILT_PRODUCTS_DIR; };
		ABC5E857208504E10031ACD3 /* AppDelegate.swift */ = {isa = PBXFileReference; lastKnownFileType = sourcecode.swift; path = AppDelegate.swift; sourceTree = "<group>"; };
		ABC5E859208504E20031ACD3 /* ViewController.swift */ = {isa = PBXFileReference; lastKnownFileType = sourcecode.swift; path = ViewController.swift; sourceTree = "<group>"; };
		ABC5E85C208504E20031ACD3 /* Base */ = {isa = PBXFileReference; lastKnownFileType = file.storyboard; name = Base; path = Base.lproj/Main.storyboard; sourceTree = "<group>"; };
		ABC5E85E208504E20031ACD3 /* Assets.xcassets */ = {isa = PBXFileReference; lastKnownFileType = folder.assetcatalog; path = Assets.xcassets; sourceTree = "<group>"; };
		ABC5E861208504E20031ACD3 /* Base */ = {isa = PBXFileReference; lastKnownFileType = file.storyboard; name = Base; path = Base.lproj/LaunchScreen.storyboard; sourceTree = "<group>"; };
		ABC5E863208504E20031ACD3 /* Info.plist */ = {isa = PBXFileReference; lastKnownFileType = text.plist.xml; path = Info.plist; sourceTree = "<group>"; };
		ABD561622097B46300BEF272 /* GoogleService-Info.plist */ = {isa = PBXFileReference; fileEncoding = 4; lastKnownFileType = text.plist.xml; path = "GoogleService-Info.plist"; sourceTree = "<group>"; };
		ABD9AF012096807E0016992C /* SignUpViewController.swift */ = {isa = PBXFileReference; lastKnownFileType = sourcecode.swift; path = SignUpViewController.swift; sourceTree = "<group>"; };
/* End PBXFileReference section */

/* Begin PBXFrameworksBuildPhase section */
		ABC5E851208504E10031ACD3 /* Frameworks */ = {
			isa = PBXFrameworksBuildPhase;
			buildActionMask = 2147483647;
			files = (
				C681EE427082CDA2AA21A70D /* Pods_Lexicon.framework in Frameworks */,
			);
			runOnlyForDeploymentPostprocessing = 0;
		};
/* End PBXFrameworksBuildPhase section */

/* Begin PBXGroup section */
		21749C3684B19DF81A5F07E8 /* Frameworks */ = {
			isa = PBXGroup;
			children = (
				844F79DCEB5B0F983F15974F /* Pods_Lexicon.framework */,
			);
			name = Frameworks;
			sourceTree = "<group>";
		};
		5242E315788E2E19ECDBA6FB /* Pods */ = {
			isa = PBXGroup;
			children = (
				534A54E70027D7A0C91E82C7 /* Pods-Lexicon.debug.xcconfig */,
				99C4BDED4F0DEF196CD2A5C1 /* Pods-Lexicon.release.xcconfig */,
			);
			name = Pods;
			sourceTree = "<group>";
		};
		AB165A07209CCAB4002BEFF1 /* VC's */ = {
			isa = PBXGroup;
			children = (
				ABC5E859208504E20031ACD3 /* ViewController.swift */,
				ABB5186B20989A16002775ED /* LogInViewController.swift */,
				ABD9AF012096807E0016992C /* SignUpViewController.swift */,
				AB8E94E720A0DA8A00744D3D /* DetailViewController.swift */,
			);
			path = "VC's";
			sourceTree = "<group>";
		};
		AB165A08209CCAD8002BEFF1 /* XML */ = {
			isa = PBXGroup;
			children = (
				AB269673209600D90029ADED /* LEXIN.xml */,
				AB80C0F7209F2E59002E4712 /* Parser.swift */,
				AB1D0128209E34D000B2E5F1 /* LexiconModel.xcdatamodeld */,
			);
			path = XML;
			sourceTree = "<group>";
		};
		ABC5E84B208504E10031ACD3 = {
			isa = PBXGroup;
			children = (
				ABC5E856208504E10031ACD3 /* Lexicon */,
				ABC5E855208504E10031ACD3 /* Products */,
				5242E315788E2E19ECDBA6FB /* Pods */,
				21749C3684B19DF81A5F07E8 /* Frameworks */,
			);
			sourceTree = "<group>";
		};
		ABC5E855208504E10031ACD3 /* Products */ = {
			isa = PBXGroup;
			children = (
				ABC5E854208504E10031ACD3 /* Lexicon.app */,
			);
			name = Products;
			sourceTree = "<group>";
		};
		ABC5E856208504E10031ACD3 /* Lexicon */ = {
			isa = PBXGroup;
			children = (
				ABC5E857208504E10031ACD3 /* AppDelegate.swift */,
				AB165A08209CCAD8002BEFF1 /* XML */,
				AB165A07209CCAB4002BEFF1 /* VC's */,
				ABD561622097B46300BEF272 /* GoogleService-Info.plist */,
				ABC5E85B208504E20031ACD3 /* Main.storyboard */,
				ABC5E85E208504E20031ACD3 /* Assets.xcassets */,
				ABC5E860208504E20031ACD3 /* LaunchScreen.storyboard */,
				ABC5E863208504E20031ACD3 /* Info.plist */,
			);
			path = Lexicon;
			sourceTree = "<group>";
		};
/* End PBXGroup section */

/* Begin PBXNativeTarget section */
		ABC5E853208504E10031ACD3 /* Lexicon */ = {
			isa = PBXNativeTarget;
			buildConfigurationList = ABC5E866208504E20031ACD3 /* Build configuration list for PBXNativeTarget "Lexicon" */;
			buildPhases = (
				739009B8252B836F581E3D1F /* [CP] Check Pods Manifest.lock */,
				ABC5E850208504E10031ACD3 /* Sources */,
				ABC5E851208504E10031ACD3 /* Frameworks */,
				ABC5E852208504E10031ACD3 /* Resources */,
				DDE5EC83290EF23FE39BBE71 /* [CP] Embed Pods Frameworks */,
			);
			buildRules = (
			);
			dependencies = (
			);
			name = Lexicon;
			productName = Lexicon;
			productReference = ABC5E854208504E10031ACD3 /* Lexicon.app */;
			productType = "com.apple.product-type.application";
		};
/* End PBXNativeTarget section */

/* Begin PBXProject section */
		ABC5E84C208504E10031ACD3 /* Project object */ = {
			isa = PBXProject;
			attributes = {
				LastSwiftUpdateCheck = 0920;
				LastUpgradeCheck = 0920;
				ORGANIZATIONNAME = BigNerdRanch;
				TargetAttributes = {
					ABC5E853208504E10031ACD3 = {
						CreatedOnToolsVersion = 9.2;
						ProvisioningStyle = Automatic;
					};
				};
			};
			buildConfigurationList = ABC5E84F208504E10031ACD3 /* Build configuration list for PBXProject "Lexicon" */;
			compatibilityVersion = "Xcode 8.0";
			developmentRegion = en;
			hasScannedForEncodings = 0;
			knownRegions = (
				en,
				Base,
			);
			mainGroup = ABC5E84B208504E10031ACD3;
			productRefGroup = ABC5E855208504E10031ACD3 /* Products */;
			projectDirPath = "";
			projectRoot = "";
			targets = (
				ABC5E853208504E10031ACD3 /* Lexicon */,
			);
		};
/* End PBXProject section */

/* Begin PBXResourcesBuildPhase section */
		ABC5E852208504E10031ACD3 /* Resources */ = {
			isa = PBXResourcesBuildPhase;
			buildActionMask = 2147483647;
			files = (
				AB269674209600DA0029ADED /* LEXIN.xml in Resources */,
				ABC5E862208504E20031ACD3 /* LaunchScreen.storyboard in Resources */,
				ABD561632097B46300BEF272 /* GoogleService-Info.plist in Resources */,
				ABC5E85F208504E20031ACD3 /* Assets.xcassets in Resources */,
				ABC5E85D208504E20031ACD3 /* Main.storyboard in Resources */,
			);
			runOnlyForDeploymentPostprocessing = 0;
		};
/* End PBXResourcesBuildPhase section */

/* Begin PBXShellScriptBuildPhase section */
		739009B8252B836F581E3D1F /* [CP] Check Pods Manifest.lock */ = {
			isa = PBXShellScriptBuildPhase;
			buildActionMask = 2147483647;
			files = (
			);
			inputPaths = (
				"${PODS_PODFILE_DIR_PATH}/Podfile.lock",
				"${PODS_ROOT}/Manifest.lock",
			);
			name = "[CP] Check Pods Manifest.lock";
			outputPaths = (
				"$(DERIVED_FILE_DIR)/Pods-Lexicon-checkManifestLockResult.txt",
			);
			runOnlyForDeploymentPostprocessing = 0;
			shellPath = /bin/sh;
			shellScript = "diff \"${PODS_PODFILE_DIR_PATH}/Podfile.lock\" \"${PODS_ROOT}/Manifest.lock\" > /dev/null\nif [ $? != 0 ] ; then\n    # print error to STDERR\n    echo \"error: The sandbox is not in sync with the Podfile.lock. Run 'pod install' or update your CocoaPods installation.\" >&2\n    exit 1\nfi\n# This output is used by Xcode 'outputs' to avoid re-running this script phase.\necho \"SUCCESS\" > \"${SCRIPT_OUTPUT_FILE_0}\"\n";
			showEnvVarsInLog = 0;
		};
		DDE5EC83290EF23FE39BBE71 /* [CP] Embed Pods Frameworks */ = {
			isa = PBXShellScriptBuildPhase;
			buildActionMask = 2147483647;
			files = (
			);
			inputPaths = (
				"${SRCROOT}/Pods/Target Support Files/Pods-Lexicon/Pods-Lexicon-frameworks.sh",
				"${BUILT_PRODUCTS_DIR}/GTMSessionFetcher/GTMSessionFetcher.framework",
				"${BUILT_PRODUCTS_DIR}/GoogleToolboxForMac/GoogleToolboxForMac.framework",
				"${BUILT_PRODUCTS_DIR}/nanopb/nanopb.framework",
			);
			name = "[CP] Embed Pods Frameworks";
			outputPaths = (
				"${TARGET_BUILD_DIR}/${FRAMEWORKS_FOLDER_PATH}/GTMSessionFetcher.framework",
				"${TARGET_BUILD_DIR}/${FRAMEWORKS_FOLDER_PATH}/GoogleToolboxForMac.framework",
				"${TARGET_BUILD_DIR}/${FRAMEWORKS_FOLDER_PATH}/nanopb.framework",
			);
			runOnlyForDeploymentPostprocessing = 0;
			shellPath = /bin/sh;
			shellScript = "\"${SRCROOT}/Pods/Target Support Files/Pods-Lexicon/Pods-Lexicon-frameworks.sh\"\n";
			showEnvVarsInLog = 0;
		};
/* End PBXShellScriptBuildPhase section */

/* Begin PBXSourcesBuildPhase section */
		ABC5E850208504E10031ACD3 /* Sources */ = {
			isa = PBXSourcesBuildPhase;
			buildActionMask = 2147483647;
			files = (
				ABB5186C20989A16002775ED /* LogInViewController.swift in Sources */,
				ABC5E85A208504E20031ACD3 /* ViewController.swift in Sources */,
				AB1D012A209E34D000B2E5F1 /* LexiconModel.xcdatamodeld in Sources */,
				AB80C0F8209F2E59002E4712 /* Parser.swift in Sources */,
				AB8E94E820A0DA8A00744D3D /* DetailViewController.swift in Sources */,
				ABD9AF022096807E0016992C /* SignUpViewController.swift in Sources */,
				ABC5E858208504E10031ACD3 /* AppDelegate.swift in Sources */,
			);
			runOnlyForDeploymentPostprocessing = 0;
		};
/* End PBXSourcesBuildPhase section */

/* Begin PBXVariantGroup section */
		ABC5E85B208504E20031ACD3 /* Main.storyboard */ = {
			isa = PBXVariantGroup;
			children = (
				ABC5E85C208504E20031ACD3 /* Base */,
			);
			name = Main.storyboard;
			sourceTree = "<group>";
		};
		ABC5E860208504E20031ACD3 /* LaunchScreen.storyboard */ = {
			isa = PBXVariantGroup;
			children = (
				ABC5E861208504E20031ACD3 /* Base */,
			);
			name = LaunchScreen.storyboard;
			sourceTree = "<group>";
		};
/* End PBXVariantGroup section */

/* Begin XCBuildConfiguration section */
		ABC5E864208504E20031ACD3 /* Debug */ = {
			isa = XCBuildConfiguration;
			buildSettings = {
				ALWAYS_SEARCH_USER_PATHS = NO;
				CLANG_ANALYZER_NONNULL = YES;
				CLANG_ANALYZER_NUMBER_OBJECT_CONVERSION = YES_AGGRESSIVE;
				CLANG_CXX_LANGUAGE_STANDARD = "gnu++14";
				CLANG_CXX_LIBRARY = "libc++";
				CLANG_ENABLE_MODULES = YES;
				CLANG_ENABLE_OBJC_ARC = YES;
				CLANG_WARN_BLOCK_CAPTURE_AUTORELEASING = YES;
				CLANG_WARN_BOOL_CONVERSION = YES;
				CLANG_WARN_COMMA = YES;
				CLANG_WARN_CONSTANT_CONVERSION = YES;
				CLANG_WARN_DIRECT_OBJC_ISA_USAGE = YES_ERROR;
				CLANG_WARN_DOCUMENTATION_COMMENTS = YES;
				CLANG_WARN_EMPTY_BODY = YES;
				CLANG_WARN_ENUM_CONVERSION = YES;
				CLANG_WARN_INFINITE_RECURSION = YES;
				CLANG_WARN_INT_CONVERSION = YES;
				CLANG_WARN_NON_LITERAL_NULL_CONVERSION = YES;
				CLANG_WARN_OBJC_LITERAL_CONVERSION = YES;
				CLANG_WARN_OBJC_ROOT_CLASS = YES_ERROR;
				CLANG_WARN_RANGE_LOOP_ANALYSIS = YES;
				CLANG_WARN_STRICT_PROTOTYPES = YES;
				CLANG_WARN_SUSPICIOUS_MOVE = YES;
				CLANG_WARN_UNGUARDED_AVAILABILITY = YES_AGGRESSIVE;
				CLANG_WARN_UNREACHABLE_CODE = YES;
				CLANG_WARN__DUPLICATE_METHOD_MATCH = YES;
				CODE_SIGN_IDENTITY = "iPhone Developer";
				COPY_PHASE_STRIP = NO;
				DEBUG_INFORMATION_FORMAT = dwarf;
				ENABLE_STRICT_OBJC_MSGSEND = YES;
				ENABLE_TESTABILITY = YES;
				GCC_C_LANGUAGE_STANDARD = gnu11;
				GCC_DYNAMIC_NO_PIC = NO;
				GCC_NO_COMMON_BLOCKS = YES;
				GCC_OPTIMIZATION_LEVEL = 0;
				GCC_PREPROCESSOR_DEFINITIONS = (
					"DEBUG=1",
					"$(inherited)",
				);
				GCC_WARN_64_TO_32_BIT_CONVERSION = YES;
				GCC_WARN_ABOUT_RETURN_TYPE = YES_ERROR;
				GCC_WARN_UNDECLARED_SELECTOR = YES;
				GCC_WARN_UNINITIALIZED_AUTOS = YES_AGGRESSIVE;
				GCC_WARN_UNUSED_FUNCTION = YES;
				GCC_WARN_UNUSED_VARIABLE = YES;
				IPHONEOS_DEPLOYMENT_TARGET = 11.2;
				MTL_ENABLE_DEBUG_INFO = YES;
				ONLY_ACTIVE_ARCH = YES;
				SDKROOT = iphoneos;
				SWIFT_ACTIVE_COMPILATION_CONDITIONS = DEBUG;
				SWIFT_OPTIMIZATION_LEVEL = "-Onone";
			};
			name = Debug;
		};
		ABC5E865208504E20031ACD3 /* Release */ = {
			isa = XCBuildConfiguration;
			buildSettings = {
				ALWAYS_SEARCH_USER_PATHS = NO;
				CLANG_ANALYZER_NONNULL = YES;
				CLANG_ANALYZER_NUMBER_OBJECT_CONVERSION = YES_AGGRESSIVE;
				CLANG_CXX_LANGUAGE_STANDARD = "gnu++14";
				CLANG_CXX_LIBRARY = "libc++";
				CLANG_ENABLE_MODULES = YES;
				CLANG_ENABLE_OBJC_ARC = YES;
				CLANG_WARN_BLOCK_CAPTURE_AUTORELEASING = YES;
				CLANG_WARN_BOOL_CONVERSION = YES;
				CLANG_WARN_COMMA = YES;
				CLANG_WARN_CONSTANT_CONVERSION = YES;
				CLANG_WARN_DIRECT_OBJC_ISA_USAGE = YES_ERROR;
				CLANG_WARN_DOCUMENTATION_COMMENTS = YES;
				CLANG_WARN_EMPTY_BODY = YES;
				CLANG_WARN_ENUM_CONVERSION = YES;
				CLANG_WARN_INFINITE_RECURSION = YES;
				CLANG_WARN_INT_CONVERSION = YES;
				CLANG_WARN_NON_LITERAL_NULL_CONVERSION = YES;
				CLANG_WARN_OBJC_LITERAL_CONVERSION = YES;
				CLANG_WARN_OBJC_ROOT_CLASS = YES_ERROR;
				CLANG_WARN_RANGE_LOOP_ANALYSIS = YES;
				CLANG_WARN_STRICT_PROTOTYPES = YES;
				CLANG_WARN_SUSPICIOUS_MOVE = YES;
				CLANG_WARN_UNGUARDED_AVAILABILITY = YES_AGGRESSIVE;
				CLANG_WARN_UNREACHABLE_CODE = YES;
				CLANG_WARN__DUPLICATE_METHOD_MATCH = YES;
				CODE_SIGN_IDENTITY = "iPhone Developer";
				COPY_PHASE_STRIP = NO;
				DEBUG_INFORMATION_FORMAT = "dwarf-with-dsym";
				ENABLE_NS_ASSERTIONS = NO;
				ENABLE_STRICT_OBJC_MSGSEND = YES;
				GCC_C_LANGUAGE_STANDARD = gnu11;
				GCC_NO_COMMON_BLOCKS = YES;
				GCC_WARN_64_TO_32_BIT_CONVERSION = YES;
				GCC_WARN_ABOUT_RETURN_TYPE = YES_ERROR;
				GCC_WARN_UNDECLARED_SELECTOR = YES;
				GCC_WARN_UNINITIALIZED_AUTOS = YES_AGGRESSIVE;
				GCC_WARN_UNUSED_FUNCTION = YES;
				GCC_WARN_UNUSED_VARIABLE = YES;
				IPHONEOS_DEPLOYMENT_TARGET = 11.2;
				MTL_ENABLE_DEBUG_INFO = NO;
				SDKROOT = iphoneos;
				SWIFT_OPTIMIZATION_LEVEL = "-Owholemodule";
				VALIDATE_PRODUCT = YES;
			};
			name = Release;
		};
		ABC5E867208504E20031ACD3 /* Debug */ = {
			isa = XCBuildConfiguration;
			baseConfigurationReference = 534A54E70027D7A0C91E82C7 /* Pods-Lexicon.debug.xcconfig */;
			buildSettings = {
				ASSETCATALOG_COMPILER_APPICON_NAME = AppIcon;
				CODE_SIGN_STYLE = Automatic;
				DEVELOPMENT_TEAM = "";
				INFOPLIST_FILE = Lexicon/Info.plist;
				LD_RUNPATH_SEARCH_PATHS = "$(inherited) @executable_path/Frameworks";
				PRODUCT_BUNDLE_IDENTIFIER = IM.Lexicon;
				PRODUCT_NAME = "$(TARGET_NAME)";
				SWIFT_VERSION = 4.0;
				TARGETED_DEVICE_FAMILY = "1,2";
			};
			name = Debug;
		};
		ABC5E868208504E20031ACD3 /* Release */ = {
			isa = XCBuildConfiguration;
			baseConfigurationReference = 99C4BDED4F0DEF196CD2A5C1 /* Pods-Lexicon.release.xcconfig */;
			buildSettings = {
				ASSETCATALOG_COMPILER_APPICON_NAME = AppIcon;
				CODE_SIGN_STYLE = Automatic;
				DEVELOPMENT_TEAM = "";
				INFOPLIST_FILE = Lexicon/Info.plist;
				LD_RUNPATH_SEARCH_PATHS = "$(inherited) @executable_path/Frameworks";
				PRODUCT_BUNDLE_IDENTIFIER = IM.Lexicon;
				PRODUCT_NAME = "$(TARGET_NAME)";
				SWIFT_VERSION = 4.0;
				TARGETED_DEVICE_FAMILY = "1,2";
			};
			name = Release;
		};
/* End XCBuildConfiguration section */

/* Begin XCConfigurationList section */
		ABC5E84F208504E10031ACD3 /* Build configuration list for PBXProject "Lexicon" */ = {
			isa = XCConfigurationList;
			buildConfigurations = (
				ABC5E864208504E20031ACD3 /* Debug */,
				ABC5E865208504E20031ACD3 /* Release */,
			);
			defaultConfigurationIsVisible = 0;
			defaultConfigurationName = Release;
		};
		ABC5E866208504E20031ACD3 /* Build configuration list for PBXNativeTarget "Lexicon" */ = {
			isa = XCConfigurationList;
			buildConfigurations = (
				ABC5E867208504E20031ACD3 /* Debug */,
				ABC5E868208504E20031ACD3 /* Release */,
			);
			defaultConfigurationIsVisible = 0;
			defaultConfigurationName = Release;
		};
/* End XCConfigurationList section */

/* Begin XCVersionGroup section */
		AB1D0128209E34D000B2E5F1 /* LexiconModel.xcdatamodeld */ = {
			isa = XCVersionGroup;
			children = (
				AB1D0129209E34D000B2E5F1 /* LexiconModel.xcdatamodel */,
			);
			currentVersion = AB1D0129209E34D000B2E5F1 /* LexiconModel.xcdatamodel */;
			path = LexiconModel.xcdatamodeld;
			sourceTree = "<group>";
			versionGroupType = wrapper.xcdatamodel;
		};
/* End XCVersionGroup section */
	};
	rootObject = ABC5E84C208504E10031ACD3 /* Project object */;
}
